// !$*UTF8*$!
{
	archiveVersion = 1;
	classes = {
	};
	objectVersion = 46;
	objects = {

/* Begin PBXBuildFile section */
		7B47E9621C90661D00CCB3A8 /* progress_1.png in Resources */ = {isa = PBXBuildFile; fileRef = 7B47E95A1C90661D00CCB3A8 /* progress_1.png */; };
		7B47E9631C90661D00CCB3A8 /* progress_2.png in Resources */ = {isa = PBXBuildFile; fileRef = 7B47E95B1C90661D00CCB3A8 /* progress_2.png */; };
		7B47E9641C90661D00CCB3A8 /* progress_3.png in Resources */ = {isa = PBXBuildFile; fileRef = 7B47E95C1C90661D00CCB3A8 /* progress_3.png */; };
		7B47E9651C90661D00CCB3A8 /* progress_4.png in Resources */ = {isa = PBXBuildFile; fileRef = 7B47E95D1C90661D00CCB3A8 /* progress_4.png */; };
		7B47E9661C90661D00CCB3A8 /* progress_5.png in Resources */ = {isa = PBXBuildFile; fileRef = 7B47E95E1C90661D00CCB3A8 /* progress_5.png */; };
		7B47E9671C90661D00CCB3A8 /* progress_6.png in Resources */ = {isa = PBXBuildFile; fileRef = 7B47E95F1C90661D00CCB3A8 /* progress_6.png */; };
		7B47E9681C90661D00CCB3A8 /* progress_7.png in Resources */ = {isa = PBXBuildFile; fileRef = 7B47E9601C90661D00CCB3A8 /* progress_7.png */; };
		7B47E9691C90661D00CCB3A8 /* progress_8.png in Resources */ = {isa = PBXBuildFile; fileRef = 7B47E9611C90661D00CCB3A8 /* progress_8.png */; };
		7B82168D1C8F15E400D371B9 /* MainViewController.m in Sources */ = {isa = PBXBuildFile; fileRef = 7B82168C1C8F15E400D371B9 /* MainViewController.m */; };
		7BBB66291C9999AF0095FB4A /* AlertAndSingalViewController.m in Sources */ = {isa = PBXBuildFile; fileRef = 7BBB66281C9999AF0095FB4A /* AlertAndSingalViewController.m */; };
		7BD58E891C93CD90001360AE /* girdcell.xib in Resources */ = {isa = PBXBuildFile; fileRef = 7BD58E881C93CD90001360AE /* girdcell.xib */; };
		7BD58E8C1C93CE7D001360AE /* GridCell.m in Sources */ = {isa = PBXBuildFile; fileRef = 7BD58E8B1C93CE7D001360AE /* GridCell.m */; };
		7BEC40071C98380500D0CDE2 /* MoreViewController.m in Sources */ = {isa = PBXBuildFile; fileRef = 7BEC40061C98380500D0CDE2 /* MoreViewController.m */; };
		7BFBC4FE1C96DEF7007B9E2F /* moreCell.m in Sources */ = {isa = PBXBuildFile; fileRef = 7BFBC4FD1C96DEF7007B9E2F /* moreCell.m */; };
		7BFBC5001C96E785007B9E2F /* libHttpClass.a in Frameworks */ = {isa = PBXBuildFile; fileRef = 7BFBC4FF1C96E785007B9E2F /* libHttpClass.a */; };
		B445BCCD1C8EA57700EF4907 /* Common.framework in Frameworks */ = {isa = PBXBuildFile; fileRef = B445BCCC1C8EA57700EF4907 /* Common.framework */; };
		B445BCCF1C8EA7AD00EF4907 /* Common.framework in CopyFiles */ = {isa = PBXBuildFile; fileRef = B445BCCC1C8EA57700EF4907 /* Common.framework */; settings = {ATTRIBUTES = (CodeSignOnCopy, RemoveHeadersOnCopy, ); }; };
		B447CF451C8FFE0C004C7FCD /* serverconfigview.xib in Resources */ = {isa = PBXBuildFile; fileRef = B447CF441C8FFE0C004C7FCD /* serverconfigview.xib */; };
		B447CF491C900465004C7FCD /* ServerConfigView.m in Sources */ = {isa = PBXBuildFile; fileRef = B447CF481C900465004C7FCD /* ServerConfigView.m */; };
		B4B91BA71C9671C700172D76 /* alertlistathome.xib in Resources */ = {isa = PBXBuildFile; fileRef = B4B91BA61C9671C700172D76 /* alertlistathome.xib */; };
		B4B91BAA1C9697B300172D76 /* alertlisthome.m in Sources */ = {isa = PBXBuildFile; fileRef = B4B91BA91C9697B300172D76 /* alertlisthome.m */; };
		B4B91BAC1C96BE5A00172D76 /* moreCell.xib in Resources */ = {isa = PBXBuildFile; fileRef = B4B91BAB1C96BE5A00172D76 /* moreCell.xib */; };
		B4C8AA961C8D22E700DBC035 /* main.m in Sources */ = {isa = PBXBuildFile; fileRef = B4C8AA951C8D22E700DBC035 /* main.m */; };
		B4C8AA991C8D22E700DBC035 /* AppDelegate.m in Sources */ = {isa = PBXBuildFile; fileRef = B4C8AA981C8D22E700DBC035 /* AppDelegate.m */; };
		B4C8AA9F1C8D22E700DBC035 /* Main.storyboard in Resources */ = {isa = PBXBuildFile; fileRef = B4C8AA9D1C8D22E700DBC035 /* Main.storyboard */; };
		B4C8AAA11C8D22E700DBC035 /* Assets.xcassets in Resources */ = {isa = PBXBuildFile; fileRef = B4C8AAA01C8D22E700DBC035 /* Assets.xcassets */; };
		B4C8AAA41C8D22E700DBC035 /* LaunchScreen.storyboard in Resources */ = {isa = PBXBuildFile; fileRef = B4C8AAA21C8D22E700DBC035 /* LaunchScreen.storyboard */; };
		B4C8AB061C8D25D800DBC035 /* bottom_alarmlist.png in Resources */ = {isa = PBXBuildFile; fileRef = B4C8AAAF1C8D25D800DBC035 /* bottom_alarmlist.png */; };
		B4C8AB071C8D25D800DBC035 /* bottom_back.png in Resources */ = {isa = PBXBuildFile; fileRef = B4C8AAB01C8D25D800DBC035 /* bottom_back.png */; };
		B4C8AB081C8D25D800DBC035 /* bottom_homepage.png in Resources */ = {isa = PBXBuildFile; fileRef = B4C8AAB11C8D25D800DBC035 /* bottom_homepage.png */; };
		B4C8AB091C8D25D800DBC035 /* bottom_other.png in Resources */ = {isa = PBXBuildFile; fileRef = B4C8AAB21C8D25D800DBC035 /* bottom_other.png */; };
		B4C8AB0A1C8D25D800DBC035 /* bottom_signallist.png in Resources */ = {isa = PBXBuildFile; fileRef = B4C8AAB31C8D25D800DBC035 /* bottom_signallist.png */; };
		B4C8AB0B1C8D25D800DBC035 /* buttonleft_disable.png in Resources */ = {isa = PBXBuildFile; fileRef = B4C8AAB41C8D25D800DBC035 /* buttonleft_disable.png */; };
		B4C8AB0C1C8D25D800DBC035 /* buttonleft_down.png in Resources */ = {isa = PBXBuildFile; fileRef = B4C8AAB51C8D25D800DBC035 /* buttonleft_down.png */; };
		B4C8AB0D1C8D25D800DBC035 /* buttonleft_normal.png in Resources */ = {isa = PBXBuildFile; fileRef = B4C8AAB61C8D25D800DBC035 /* buttonleft_normal.png */; };
		B4C8AB0F1C8D25D800DBC035 /* buttonright_disable.png in Resources */ = {isa = PBXBuildFile; fileRef = B4C8AAB81C8D25D800DBC035 /* buttonright_disable.png */; };
		B4C8AB101C8D25D800DBC035 /* buttonright_down.png in Resources */ = {isa = PBXBuildFile; fileRef = B4C8AAB91C8D25D800DBC035 /* buttonright_down.png */; };
		B4C8AB111C8D25D800DBC035 /* buttonright_normal.png in Resources */ = {isa = PBXBuildFile; fileRef = B4C8AABA1C8D25D800DBC035 /* buttonright_normal.png */; };
		B4C8AB131C8D25D800DBC035 /* checkbox_button_normal.png in Resources */ = {isa = PBXBuildFile; fileRef = B4C8AABC1C8D25D800DBC035 /* checkbox_button_normal.png */; };
		B4C8AB141C8D25D800DBC035 /* checkbox_button_selected.png in Resources */ = {isa = PBXBuildFile; fileRef = B4C8AABD1C8D25D800DBC035 /* checkbox_button_selected.png */; };
		B4C8AB161C8D25D800DBC035 /* closeflag.png in Resources */ = {isa = PBXBuildFile; fileRef = B4C8AABF1C8D25D800DBC035 /* closeflag.png */; };
		B4C8AB171C8D25D800DBC035 /* equipmenttype_empty.png in Resources */ = {isa = PBXBuildFile; fileRef = B4C8AAC01C8D25D800DBC035 /* equipmenttype_empty.png */; };
		B4C8AB181C8D25D800DBC035 /* ex_titlebackbutton_down.png in Resources */ = {isa = PBXBuildFile; fileRef = B4C8AAC11C8D25D800DBC035 /* ex_titlebackbutton_down.png */; };
		B4C8AB191C8D25D800DBC035 /* ex_titlebackbutton_normal.png in Resources */ = {isa = PBXBuildFile; fileRef = B4C8AAC21C8D25D800DBC035 /* ex_titlebackbutton_normal.png */; };
		B4C8AB1B1C8D25D800DBC035 /* ex_titlebg.png in Resources */ = {isa = PBXBuildFile; fileRef = B4C8AAC41C8D25D800DBC035 /* ex_titlebg.png */; };
		B4C8AB1C1C8D25D800DBC035 /* ex_titleexitbutton_down.png in Resources */ = {isa = PBXBuildFile; fileRef = B4C8AAC51C8D25D800DBC035 /* ex_titleexitbutton_down.png */; };
		B4C8AB1D1C8D25D800DBC035 /* ex_titleexitbutton_normal.png in Resources */ = {isa = PBXBuildFile; fileRef = B4C8AAC61C8D25D800DBC035 /* ex_titleexitbutton_normal.png */; };
		B4C8AB1F1C8D25D800DBC035 /* ex_titlemenubutton_down.png in Resources */ = {isa = PBXBuildFile; fileRef = B4C8AAC81C8D25D800DBC035 /* ex_titlemenubutton_down.png */; };
		B4C8AB201C8D25D800DBC035 /* ex_titlemenubutton_normal.png in Resources */ = {isa = PBXBuildFile; fileRef = B4C8AAC91C8D25D800DBC035 /* ex_titlemenubutton_normal.png */; };
		B4C8AB221C8D25D800DBC035 /* homepagegridviewbg_down_old.png in Resources */ = {isa = PBXBuildFile; fileRef = B4C8AACB1C8D25D800DBC035 /* homepagegridviewbg_down_old.png */; };
		B4C8AB231C8D25D800DBC035 /* homepagegridviewbg_down.png in Resources */ = {isa = PBXBuildFile; fileRef = B4C8AACC1C8D25D800DBC035 /* homepagegridviewbg_down.png */; };
		B4C8AB241C8D25D800DBC035 /* homepagegridviewbg_normal_old.png in Resources */ = {isa = PBXBuildFile; fileRef = B4C8AACD1C8D25D800DBC035 /* homepagegridviewbg_normal_old.png */; };
		B4C8AB251C8D25D800DBC035 /* homepagegridviewbg_normal.png in Resources */ = {isa = PBXBuildFile; fileRef = B4C8AACE1C8D25D800DBC035 /* homepagegridviewbg_normal.png */; };
		B4C8AB271C8D25D800DBC035 /* ic_launcher.png in Resources */ = {isa = PBXBuildFile; fileRef = B4C8AAD01C8D25D800DBC035 /* ic_launcher.png */; };
		B4C8AB281C8D25D800DBC035 /* listviewbg_down.png in Resources */ = {isa = PBXBuildFile; fileRef = B4C8AAD11C8D25D800DBC035 /* listviewbg_down.png */; };
		B4C8AB291C8D25D800DBC035 /* listviewbg_normal.png in Resources */ = {isa = PBXBuildFile; fileRef = B4C8AAD21C8D25D800DBC035 /* listviewbg_normal.png */; };
		B4C8AB2B1C8D25D800DBC035 /* login_image.png in Resources */ = {isa = PBXBuildFile; fileRef = B4C8AAD41C8D25D800DBC035 /* login_image.png */; };
		B4C8AB2C1C8D25D800DBC035 /* login_spinner_bg.png in Resources */ = {isa = PBXBuildFile; fileRef = B4C8AAD51C8D25D800DBC035 /* login_spinner_bg.png */; };
		B4C8AB2D1C8D25D800DBC035 /* logintable_bg.png in Resources */ = {isa = PBXBuildFile; fileRef = B4C8AAD61C8D25D800DBC035 /* logintable_bg.png */; };
		B4C8AB2E1C8D25D900DBC035 /* logintable_logo_password.png in Resources */ = {isa = PBXBuildFile; fileRef = B4C8AAD71C8D25D800DBC035 /* logintable_logo_password.png */; };
		B4C8AB2F1C8D25D900DBC035 /* logintable_logo_username.png in Resources */ = {isa = PBXBuildFile; fileRef = B4C8AAD81C8D25D800DBC035 /* logintable_logo_username.png */; };
		B4C8AB301C8D25D900DBC035 /* longlongnormalbutton_disable.png in Resources */ = {isa = PBXBuildFile; fileRef = B4C8AAD91C8D25D800DBC035 /* longlongnormalbutton_disable.png */; };
		B4C8AB311C8D25D900DBC035 /* longlongnormalbutton_down.png in Resources */ = {isa = PBXBuildFile; fileRef = B4C8AADA1C8D25D800DBC035 /* longlongnormalbutton_down.png */; };
		B4C8AB321C8D25D900DBC035 /* longlongnormalbutton_normal.png in Resources */ = {isa = PBXBuildFile; fileRef = B4C8AADB1C8D25D800DBC035 /* longlongnormalbutton_normal.png */; };
		B4C8AB341C8D25D900DBC035 /* longnormalbutton_disable.png in Resources */ = {isa = PBXBuildFile; fileRef = B4C8AADD1C8D25D800DBC035 /* longnormalbutton_disable.png */; };
		B4C8AB351C8D25D900DBC035 /* longnormalbutton_down.png in Resources */ = {isa = PBXBuildFile; fileRef = B4C8AADE1C8D25D800DBC035 /* longnormalbutton_down.png */; };
		B4C8AB361C8D25D900DBC035 /* longnormalbutton_normal.png in Resources */ = {isa = PBXBuildFile; fileRef = B4C8AADF1C8D25D800DBC035 /* longnormalbutton_normal.png */; };
		B4C8AB381C8D25D900DBC035 /* newfailed.png in Resources */ = {isa = PBXBuildFile; fileRef = B4C8AAE11C8D25D800DBC035 /* newfailed.png */; };
		B4C8AB391C8D25D900DBC035 /* newloading.png in Resources */ = {isa = PBXBuildFile; fileRef = B4C8AAE21C8D25D800DBC035 /* newloading.png */; };
		B4C8AB3A1C8D25D900DBC035 /* normalbutton_disable.png in Resources */ = {isa = PBXBuildFile; fileRef = B4C8AAE31C8D25D800DBC035 /* normalbutton_disable.png */; };
		B4C8AB3B1C8D25D900DBC035 /* normalbutton_down.png in Resources */ = {isa = PBXBuildFile; fileRef = B4C8AAE41C8D25D800DBC035 /* normalbutton_down.png */; };
		B4C8AB3C1C8D25D900DBC035 /* normalbutton_normal.png in Resources */ = {isa = PBXBuildFile; fileRef = B4C8AAE51C8D25D800DBC035 /* normalbutton_normal.png */; };
		B4C8AB3E1C8D25D900DBC035 /* notifyicon_newalarm.png in Resources */ = {isa = PBXBuildFile; fileRef = B4C8AAE71C8D25D800DBC035 /* notifyicon_newalarm.png */; };
		B4C8AB3F1C8D25D900DBC035 /* openflag.png in Resources */ = {isa = PBXBuildFile; fileRef = B4C8AAE81C8D25D800DBC035 /* openflag.png */; };
		B4C8AB401C8D25D900DBC035 /* radiobutton_focussize_large_checked.png in Resources */ = {isa = PBXBuildFile; fileRef = B4C8AAE91C8D25D800DBC035 /* radiobutton_focussize_large_checked.png */; };
		B4C8AB411C8D25D900DBC035 /* radiobutton_focussize_large_normal.png in Resources */ = {isa = PBXBuildFile; fileRef = B4C8AAEA1C8D25D800DBC035 /* radiobutton_focussize_large_normal.png */; };
		B4C8AB431C8D25D900DBC035 /* radiobutton_focussize_small_checked.png in Resources */ = {isa = PBXBuildFile; fileRef = B4C8AAEC1C8D25D800DBC035 /* radiobutton_focussize_small_checked.png */; };
		B4C8AB441C8D25D900DBC035 /* radiobutton_focussize_small_normal.png in Resources */ = {isa = PBXBuildFile; fileRef = B4C8AAED1C8D25D800DBC035 /* radiobutton_focussize_small_normal.png */; };
		B4C8AB461C8D25D900DBC035 /* search_spinner_bg_old.png in Resources */ = {isa = PBXBuildFile; fileRef = B4C8AAEF1C8D25D800DBC035 /* search_spinner_bg_old.png */; };
		B4C8AB471C8D25D900DBC035 /* search_spinner_bg.png in Resources */ = {isa = PBXBuildFile; fileRef = B4C8AAF01C8D25D800DBC035 /* search_spinner_bg.png */; };
		B4C8AB481C8D25D900DBC035 /* short_spinner_bg_old.png in Resources */ = {isa = PBXBuildFile; fileRef = B4C8AAF11C8D25D800DBC035 /* short_spinner_bg_old.png */; };
		B4C8AB491C8D25D900DBC035 /* short_spinner_bg.png in Resources */ = {isa = PBXBuildFile; fileRef = B4C8AAF21C8D25D800DBC035 /* short_spinner_bg.png */; };
		B4C8AB4A1C8D25D900DBC035 /* signal_empty.png in Resources */ = {isa = PBXBuildFile; fileRef = B4C8AAF31C8D25D800DBC035 /* signal_empty.png */; };
		B4C8AB4B1C8D25D900DBC035 /* signalalarm_empty.png in Resources */ = {isa = PBXBuildFile; fileRef = B4C8AAF41C8D25D800DBC035 /* signalalarm_empty.png */; };
		B4C8AB4C1C8D25D900DBC035 /* spinner_bg_old.png in Resources */ = {isa = PBXBuildFile; fileRef = B4C8AAF51C8D25D800DBC035 /* spinner_bg_old.png */; };
		B4C8AB4D1C8D25D900DBC035 /* spinner_bg.png in Resources */ = {isa = PBXBuildFile; fileRef = B4C8AAF61C8D25D800DBC035 /* spinner_bg.png */; };
		B4C8AB4E1C8D25D900DBC035 /* station_empty.png in Resources */ = {isa = PBXBuildFile; fileRef = B4C8AAF71C8D25D800DBC035 /* station_empty.png */; };
		B4C8AB4F1C8D25D900DBC035 /* subgridviewbg_down_old.png in Resources */ = {isa = PBXBuildFile; fileRef = B4C8AAF81C8D25D800DBC035 /* subgridviewbg_down_old.png */; };
		B4C8AB501C8D25D900DBC035 /* subgridviewbg_down.png in Resources */ = {isa = PBXBuildFile; fileRef = B4C8AAF91C8D25D800DBC035 /* subgridviewbg_down.png */; };
		B4C8AB511C8D25D900DBC035 /* subgridviewbg_normal_old.png in Resources */ = {isa = PBXBuildFile; fileRef = B4C8AAFA1C8D25D800DBC035 /* subgridviewbg_normal_old.png */; };
		B4C8AB521C8D25D900DBC035 /* subgridviewbg_normal.png in Resources */ = {isa = PBXBuildFile; fileRef = B4C8AAFB1C8D25D800DBC035 /* subgridviewbg_normal.png */; };
		B4C8AB531C8D25D900DBC035 /* subgridviewbg_selected_old.png in Resources */ = {isa = PBXBuildFile; fileRef = B4C8AAFC1C8D25D800DBC035 /* subgridviewbg_selected_old.png */; };
		B4C8AB541C8D25D900DBC035 /* subgridviewbg_selected.png in Resources */ = {isa = PBXBuildFile; fileRef = B4C8AAFD1C8D25D800DBC035 /* subgridviewbg_selected.png */; };
		B4C8AB561C8D25D900DBC035 /* tablerowbutton_down.png in Resources */ = {isa = PBXBuildFile; fileRef = B4C8AAFF1C8D25D800DBC035 /* tablerowbutton_down.png */; };
		B4C8AB571C8D25D900DBC035 /* tablerowbutton_noarrow.png in Resources */ = {isa = PBXBuildFile; fileRef = B4C8AB001C8D25D800DBC035 /* tablerowbutton_noarrow.png */; };
		B4C8AB581C8D25D900DBC035 /* tablerowbutton_normal.png in Resources */ = {isa = PBXBuildFile; fileRef = B4C8AB011C8D25D800DBC035 /* tablerowbutton_normal.png */; };
		B4C8AB5A1C8D25D900DBC035 /* titletextbutton.png in Resources */ = {isa = PBXBuildFile; fileRef = B4C8AB031C8D25D800DBC035 /* titletextbutton.png */; };
		B4C8AB5B1C8D25D900DBC035 /* totalbg_s.jpg in Resources */ = {isa = PBXBuildFile; fileRef = B4C8AB041C8D25D800DBC035 /* totalbg_s.jpg */; };
		B4C8AB5C1C8D25D900DBC035 /* totalbg.jpg in Resources */ = {isa = PBXBuildFile; fileRef = B4C8AB051C8D25D800DBC035 /* totalbg.jpg */; };
		B4C8AB5F1C8D2A2900DBC035 /* LoginViewController.m in Sources */ = {isa = PBXBuildFile; fileRef = B4C8AB5E1C8D2A2900DBC035 /* LoginViewController.m */; };
		B4C8AB631C8D7D7200DBC035 /* Common.m in Sources */ = {isa = PBXBuildFile; fileRef = B4C8AB621C8D7D7200DBC035 /* Common.m */; };
		B4CB42CE1C9959B100E92E69 /* CamereViewController.m in Sources */ = {isa = PBXBuildFile; fileRef = B4CB42CD1C9959B100E92E69 /* CamereViewController.m */; };
/* End PBXBuildFile section */

/* Begin PBXCopyFilesBuildPhase section */
		B445BCCE1C8EA7A700EF4907 /* CopyFiles */ = {
			isa = PBXCopyFilesBuildPhase;
			buildActionMask = 2147483647;
			dstPath = "";
			dstSubfolderSpec = 10;
			files = (
				B445BCCF1C8EA7AD00EF4907 /* Common.framework in CopyFiles */,
			);
			runOnlyForDeploymentPostprocessing = 0;
		};
/* End PBXCopyFilesBuildPhase section */

/* Begin PBXFileReference section */
		7B47E95A1C90661D00CCB3A8 /* progress_1.png */ = {isa = PBXFileReference; lastKnownFileType = image.png; path = progress_1.png; sourceTree = "<group>"; };
		7B47E95B1C90661D00CCB3A8 /* progress_2.png */ = {isa = PBXFileReference; lastKnownFileType = image.png; path = progress_2.png; sourceTree = "<group>"; };
		7B47E95C1C90661D00CCB3A8 /* progress_3.png */ = {isa = PBXFileReference; lastKnownFileType = image.png; path = progress_3.png; sourceTree = "<group>"; };
		7B47E95D1C90661D00CCB3A8 /* progress_4.png */ = {isa = PBXFileReference; lastKnownFileType = image.png; path = progress_4.png; sourceTree = "<group>"; };
		7B47E95E1C90661D00CCB3A8 /* progress_5.png */ = {isa = PBXFileReference; lastKnownFileType = image.png; path = progress_5.png; sourceTree = "<group>"; };
		7B47E95F1C90661D00CCB3A8 /* progress_6.png */ = {isa = PBXFileReference; lastKnownFileType = image.png; path = progress_6.png; sourceTree = "<group>"; };
		7B47E9601C90661D00CCB3A8 /* progress_7.png */ = {isa = PBXFileReference; lastKnownFileType = image.png; path = progress_7.png; sourceTree = "<group>"; };
		7B47E9611C90661D00CCB3A8 /* progress_8.png */ = {isa = PBXFileReference; lastKnownFileType = image.png; path = progress_8.png; sourceTree = "<group>"; };
		7B8216861C8EEC2E00D371B9 /* HttpClass.h */ = {isa = PBXFileReference; fileEncoding = 4; lastKnownFileType = sourcecode.c.h; path = HttpClass.h; sourceTree = "<group>"; };
		7B8216881C8EEC2E00D371B9 /* info.h */ = {isa = PBXFileReference; fileEncoding = 4; lastKnownFileType = sourcecode.c.h; path = info.h; sourceTree = "<group>"; };
		7B82168B1C8F15E400D371B9 /* MainViewController.h */ = {isa = PBXFileReference; fileEncoding = 4; lastKnownFileType = sourcecode.c.h; path = MainViewController.h; sourceTree = "<group>"; };
		7B82168C1C8F15E400D371B9 /* MainViewController.m */ = {isa = PBXFileReference; fileEncoding = 4; lastKnownFileType = sourcecode.c.objc; path = MainViewController.m; sourceTree = "<group>"; };
		7BBB66271C9999AF0095FB4A /* AlertAndSingalViewController.h */ = {isa = PBXFileReference; fileEncoding = 4; lastKnownFileType = sourcecode.c.h; path = AlertAndSingalViewController.h; sourceTree = "<group>"; };
		7BBB66281C9999AF0095FB4A /* AlertAndSingalViewController.m */ = {isa = PBXFileReference; fileEncoding = 4; lastKnownFileType = sourcecode.c.objc; path = AlertAndSingalViewController.m; sourceTree = "<group>"; };
		7BD58E881C93CD90001360AE /* girdcell.xib */ = {isa = PBXFileReference; fileEncoding = 4; lastKnownFileType = file.xib; path = girdcell.xib; sourceTree = "<group>"; };
		7BD58E8A1C93CE7D001360AE /* GridCell.h */ = {isa = PBXFileReference; fileEncoding = 4; lastKnownFileType = sourcecode.c.h; path = GridCell.h; sourceTree = "<group>"; };
		7BD58E8B1C93CE7D001360AE /* GridCell.m */ = {isa = PBXFileReference; fileEncoding = 4; lastKnownFileType = sourcecode.c.objc; path = GridCell.m; sourceTree = "<group>"; };
		7BEC40051C98380500D0CDE2 /* MoreViewController.h */ = {isa = PBXFileReference; fileEncoding = 4; lastKnownFileType = sourcecode.c.h; path = MoreViewController.h; sourceTree = "<group>"; };
		7BEC40061C98380500D0CDE2 /* MoreViewController.m */ = {isa = PBXFileReference; fileEncoding = 4; lastKnownFileType = sourcecode.c.objc; path = MoreViewController.m; sourceTree = "<group>"; };
		7BFBC4FC1C96DEF7007B9E2F /* moreCell.h */ = {isa = PBXFileReference; fileEncoding = 4; lastKnownFileType = sourcecode.c.h; path = moreCell.h; sourceTree = "<group>"; };
		7BFBC4FD1C96DEF7007B9E2F /* moreCell.m */ = {isa = PBXFileReference; fileEncoding = 4; lastKnownFileType = sourcecode.c.objc; path = moreCell.m; sourceTree = "<group>"; };
		7BFBC4FF1C96E785007B9E2F /* libHttpClass.a */ = {isa = PBXFileReference; lastKnownFileType = archive.ar; name = libHttpClass.a; path = framework/libHttpClass.a; sourceTree = "<group>"; };
		B445BCCC1C8EA57700EF4907 /* Common.framework */ = {isa = PBXFileReference; lastKnownFileType = wrapper.framework; name = Common.framework; path = framework/Common.framework; sourceTree = "<group>"; };
		B447CF441C8FFE0C004C7FCD /* serverconfigview.xib */ = {isa = PBXFileReference; fileEncoding = 4; lastKnownFileType = file.xib; path = serverconfigview.xib; sourceTree = "<group>"; };
		B447CF471C900465004C7FCD /* ServerConfigView.h */ = {isa = PBXFileReference; fileEncoding = 4; lastKnownFileType = sourcecode.c.h; path = ServerConfigView.h; sourceTree = "<group>"; };
		B447CF481C900465004C7FCD /* ServerConfigView.m */ = {isa = PBXFileReference; fileEncoding = 4; lastKnownFileType = sourcecode.c.objc; path = ServerConfigView.m; sourceTree = "<group>"; };
		B4B91BA61C9671C700172D76 /* alertlistathome.xib */ = {isa = PBXFileReference; fileEncoding = 4; lastKnownFileType = file.xib; path = alertlistathome.xib; sourceTree = "<group>"; };
		B4B91BA81C9697B300172D76 /* alertlisthome.h */ = {isa = PBXFileReference; fileEncoding = 4; lastKnownFileType = sourcecode.c.h; path = alertlisthome.h; sourceTree = "<group>"; };
		B4B91BA91C9697B300172D76 /* alertlisthome.m */ = {isa = PBXFileReference; fileEncoding = 4; lastKnownFileType = sourcecode.c.objc; path = alertlisthome.m; sourceTree = "<group>"; };
		B4B91BAB1C96BE5A00172D76 /* moreCell.xib */ = {isa = PBXFileReference; fileEncoding = 4; lastKnownFileType = file.xib; path = moreCell.xib; sourceTree = "<group>"; };
		B4C8AA911C8D22E700DBC035 /* DataCenterMonitor.app */ = {isa = PBXFileReference; explicitFileType = wrapper.application; includeInIndex = 0; path = DataCenterMonitor.app; sourceTree = BUILT_PRODUCTS_DIR; };
		B4C8AA951C8D22E700DBC035 /* main.m */ = {isa = PBXFileReference; lastKnownFileType = sourcecode.c.objc; path = main.m; sourceTree = "<group>"; };
		B4C8AA971C8D22E700DBC035 /* AppDelegate.h */ = {isa = PBXFileReference; lastKnownFileType = sourcecode.c.h; path = AppDelegate.h; sourceTree = "<group>"; };
		B4C8AA981C8D22E700DBC035 /* AppDelegate.m */ = {isa = PBXFileReference; lastKnownFileType = sourcecode.c.objc; path = AppDelegate.m; sourceTree = "<group>"; };
		B4C8AA9E1C8D22E700DBC035 /* Base */ = {isa = PBXFileReference; lastKnownFileType = file.storyboard; name = Base; path = Base.lproj/Main.storyboard; sourceTree = "<group>"; };
		B4C8AAA01C8D22E700DBC035 /* Assets.xcassets */ = {isa = PBXFileReference; lastKnownFileType = folder.assetcatalog; path = Assets.xcassets; sourceTree = "<group>"; };
		B4C8AAA31C8D22E700DBC035 /* Base */ = {isa = PBXFileReference; lastKnownFileType = file.storyboard; name = Base; path = Base.lproj/LaunchScreen.storyboard; sourceTree = "<group>"; };
		B4C8AAA51C8D22E700DBC035 /* Info.plist */ = {isa = PBXFileReference; lastKnownFileType = text.plist.xml; path = Info.plist; sourceTree = "<group>"; };
		B4C8AAAF1C8D25D800DBC035 /* bottom_alarmlist.png */ = {isa = PBXFileReference; lastKnownFileType = image.png; path = bottom_alarmlist.png; sourceTree = "<group>"; };
		B4C8AAB01C8D25D800DBC035 /* bottom_back.png */ = {isa = PBXFileReference; lastKnownFileType = image.png; path = bottom_back.png; sourceTree = "<group>"; };
		B4C8AAB11C8D25D800DBC035 /* bottom_homepage.png */ = {isa = PBXFileReference; lastKnownFileType = image.png; path = bottom_homepage.png; sourceTree = "<group>"; };
		B4C8AAB21C8D25D800DBC035 /* bottom_other.png */ = {isa = PBXFileReference; lastKnownFileType = image.png; path = bottom_other.png; sourceTree = "<group>"; };
		B4C8AAB31C8D25D800DBC035 /* bottom_signallist.png */ = {isa = PBXFileReference; lastKnownFileType = image.png; path = bottom_signallist.png; sourceTree = "<group>"; };
		B4C8AAB41C8D25D800DBC035 /* buttonleft_disable.png */ = {isa = PBXFileReference; lastKnownFileType = image.png; path = buttonleft_disable.png; sourceTree = "<group>"; };
		B4C8AAB51C8D25D800DBC035 /* buttonleft_down.png */ = {isa = PBXFileReference; lastKnownFileType = image.png; path = buttonleft_down.png; sourceTree = "<group>"; };
		B4C8AAB61C8D25D800DBC035 /* buttonleft_normal.png */ = {isa = PBXFileReference; lastKnownFileType = image.png; path = buttonleft_normal.png; sourceTree = "<group>"; };
		B4C8AAB81C8D25D800DBC035 /* buttonright_disable.png */ = {isa = PBXFileReference; lastKnownFileType = image.png; path = buttonright_disable.png; sourceTree = "<group>"; };
		B4C8AAB91C8D25D800DBC035 /* buttonright_down.png */ = {isa = PBXFileReference; lastKnownFileType = image.png; path = buttonright_down.png; sourceTree = "<group>"; };
		B4C8AABA1C8D25D800DBC035 /* buttonright_normal.png */ = {isa = PBXFileReference; lastKnownFileType = image.png; path = buttonright_normal.png; sourceTree = "<group>"; };
		B4C8AABC1C8D25D800DBC035 /* checkbox_button_normal.png */ = {isa = PBXFileReference; lastKnownFileType = image.png; path = checkbox_button_normal.png; sourceTree = "<group>"; };
		B4C8AABD1C8D25D800DBC035 /* checkbox_button_selected.png */ = {isa = PBXFileReference; lastKnownFileType = image.png; path = checkbox_button_selected.png; sourceTree = "<group>"; };
		B4C8AABF1C8D25D800DBC035 /* closeflag.png */ = {isa = PBXFileReference; lastKnownFileType = image.png; path = closeflag.png; sourceTree = "<group>"; };
		B4C8AAC01C8D25D800DBC035 /* equipmenttype_empty.png */ = {isa = PBXFileReference; lastKnownFileType = image.png; path = equipmenttype_empty.png; sourceTree = "<group>"; };
		B4C8AAC11C8D25D800DBC035 /* ex_titlebackbutton_down.png */ = {isa = PBXFileReference; lastKnownFileType = image.png; path = ex_titlebackbutton_down.png; sourceTree = "<group>"; };
		B4C8AAC21C8D25D800DBC035 /* ex_titlebackbutton_normal.png */ = {isa = PBXFileReference; lastKnownFileType = image.png; path = ex_titlebackbutton_normal.png; sourceTree = "<group>"; };
		B4C8AAC41C8D25D800DBC035 /* ex_titlebg.png */ = {isa = PBXFileReference; lastKnownFileType = image.png; path = ex_titlebg.png; sourceTree = "<group>"; };
		B4C8AAC51C8D25D800DBC035 /* ex_titleexitbutton_down.png */ = {isa = PBXFileReference; lastKnownFileType = image.png; path = ex_titleexitbutton_down.png; sourceTree = "<group>"; };
		B4C8AAC61C8D25D800DBC035 /* ex_titleexitbutton_normal.png */ = {isa = PBXFileReference; lastKnownFileType = image.png; path = ex_titleexitbutton_normal.png; sourceTree = "<group>"; };
		B4C8AAC81C8D25D800DBC035 /* ex_titlemenubutton_down.png */ = {isa = PBXFileReference; lastKnownFileType = image.png; path = ex_titlemenubutton_down.png; sourceTree = "<group>"; };
		B4C8AAC91C8D25D800DBC035 /* ex_titlemenubutton_normal.png */ = {isa = PBXFileReference; lastKnownFileType = image.png; path = ex_titlemenubutton_normal.png; sourceTree = "<group>"; };
		B4C8AACB1C8D25D800DBC035 /* homepagegridviewbg_down_old.png */ = {isa = PBXFileReference; lastKnownFileType = image.png; path = homepagegridviewbg_down_old.png; sourceTree = "<group>"; };
		B4C8AACC1C8D25D800DBC035 /* homepagegridviewbg_down.png */ = {isa = PBXFileReference; lastKnownFileType = image.png; path = homepagegridviewbg_down.png; sourceTree = "<group>"; };
		B4C8AACD1C8D25D800DBC035 /* homepagegridviewbg_normal_old.png */ = {isa = PBXFileReference; lastKnownFileType = image.png; path = homepagegridviewbg_normal_old.png; sourceTree = "<group>"; };
		B4C8AACE1C8D25D800DBC035 /* homepagegridviewbg_normal.png */ = {isa = PBXFileReference; lastKnownFileType = image.png; path = homepagegridviewbg_normal.png; sourceTree = "<group>"; };
		B4C8AAD01C8D25D800DBC035 /* ic_launcher.png */ = {isa = PBXFileReference; lastKnownFileType = image.png; path = ic_launcher.png; sourceTree = "<group>"; };
		B4C8AAD11C8D25D800DBC035 /* listviewbg_down.png */ = {isa = PBXFileReference; lastKnownFileType = image.png; path = listviewbg_down.png; sourceTree = "<group>"; };
		B4C8AAD21C8D25D800DBC035 /* listviewbg_normal.png */ = {isa = PBXFileReference; lastKnownFileType = image.png; path = listviewbg_normal.png; sourceTree = "<group>"; };
		B4C8AAD41C8D25D800DBC035 /* login_image.png */ = {isa = PBXFileReference; lastKnownFileType = image.png; path = login_image.png; sourceTree = "<group>"; };
		B4C8AAD51C8D25D800DBC035 /* login_spinner_bg.png */ = {isa = PBXFileReference; lastKnownFileType = image.png; path = login_spinner_bg.png; sourceTree = "<group>"; };
		B4C8AAD61C8D25D800DBC035 /* logintable_bg.png */ = {isa = PBXFileReference; lastKnownFileType = image.png; path = logintable_bg.png; sourceTree = "<group>"; };
		B4C8AAD71C8D25D800DBC035 /* logintable_logo_password.png */ = {isa = PBXFileReference; lastKnownFileType = image.png; path = logintable_logo_password.png; sourceTree = "<group>"; };
		B4C8AAD81C8D25D800DBC035 /* logintable_logo_username.png */ = {isa = PBXFileReference; lastKnownFileType = image.png; path = logintable_logo_username.png; sourceTree = "<group>"; };
		B4C8AAD91C8D25D800DBC035 /* longlongnormalbutton_disable.png */ = {isa = PBXFileReference; lastKnownFileType = image.png; path = longlongnormalbutton_disable.png; sourceTree = "<group>"; };
		B4C8AADA1C8D25D800DBC035 /* longlongnormalbutton_down.png */ = {isa = PBXFileReference; lastKnownFileType = image.png; path = longlongnormalbutton_down.png; sourceTree = "<group>"; };
		B4C8AADB1C8D25D800DBC035 /* longlongnormalbutton_normal.png */ = {isa = PBXFileReference; lastKnownFileType = image.png; path = longlongnormalbutton_normal.png; sourceTree = "<group>"; };
		B4C8AADD1C8D25D800DBC035 /* longnormalbutton_disable.png */ = {isa = PBXFileReference; lastKnownFileType = image.png; path = longnormalbutton_disable.png; sourceTree = "<group>"; };
		B4C8AADE1C8D25D800DBC035 /* longnormalbutton_down.png */ = {isa = PBXFileReference; lastKnownFileType = image.png; path = longnormalbutton_down.png; sourceTree = "<group>"; };
		B4C8AADF1C8D25D800DBC035 /* longnormalbutton_normal.png */ = {isa = PBXFileReference; lastKnownFileType = image.png; path = longnormalbutton_normal.png; sourceTree = "<group>"; };
		B4C8AAE11C8D25D800DBC035 /* newfailed.png */ = {isa = PBXFileReference; lastKnownFileType = image.png; path = newfailed.png; sourceTree = "<group>"; };
		B4C8AAE21C8D25D800DBC035 /* newloading.png */ = {isa = PBXFileReference; lastKnownFileType = image.png; path = newloading.png; sourceTree = "<group>"; };
		B4C8AAE31C8D25D800DBC035 /* normalbutton_disable.png */ = {isa = PBXFileReference; lastKnownFileType = image.png; path = normalbutton_disable.png; sourceTree = "<group>"; };
		B4C8AAE41C8D25D800DBC035 /* normalbutton_down.png */ = {isa = PBXFileReference; lastKnownFileType = image.png; path = normalbutton_down.png; sourceTree = "<group>"; };
		B4C8AAE51C8D25D800DBC035 /* normalbutton_normal.png */ = {isa = PBXFileReference; lastKnownFileType = image.png; path = normalbutton_normal.png; sourceTree = "<group>"; };
		B4C8AAE71C8D25D800DBC035 /* notifyicon_newalarm.png */ = {isa = PBXFileReference; lastKnownFileType = image.png; path = notifyicon_newalarm.png; sourceTree = "<group>"; };
		B4C8AAE81C8D25D800DBC035 /* openflag.png */ = {isa = PBXFileReference; lastKnownFileType = image.png; path = openflag.png; sourceTree = "<group>"; };
		B4C8AAE91C8D25D800DBC035 /* radiobutton_focussize_large_checked.png */ = {isa = PBXFileReference; lastKnownFileType = image.png; path = radiobutton_focussize_large_checked.png; sourceTree = "<group>"; };
		B4C8AAEA1C8D25D800DBC035 /* radiobutton_focussize_large_normal.png */ = {isa = PBXFileReference; lastKnownFileType = image.png; path = radiobutton_focussize_large_normal.png; sourceTree = "<group>"; };
		B4C8AAEC1C8D25D800DBC035 /* radiobutton_focussize_small_checked.png */ = {isa = PBXFileReference; lastKnownFileType = image.png; path = radiobutton_focussize_small_checked.png; sourceTree = "<group>"; };
		B4C8AAED1C8D25D800DBC035 /* radiobutton_focussize_small_normal.png */ = {isa = PBXFileReference; lastKnownFileType = image.png; path = radiobutton_focussize_small_normal.png; sourceTree = "<group>"; };
		B4C8AAEF1C8D25D800DBC035 /* search_spinner_bg_old.png */ = {isa = PBXFileReference; lastKnownFileType = image.png; path = search_spinner_bg_old.png; sourceTree = "<group>"; };
		B4C8AAF01C8D25D800DBC035 /* search_spinner_bg.png */ = {isa = PBXFileReference; lastKnownFileType = image.png; path = search_spinner_bg.png; sourceTree = "<group>"; };
		B4C8AAF11C8D25D800DBC035 /* short_spinner_bg_old.png */ = {isa = PBXFileReference; lastKnownFileType = image.png; path = short_spinner_bg_old.png; sourceTree = "<group>"; };
		B4C8AAF21C8D25D800DBC035 /* short_spinner_bg.png */ = {isa = PBXFileReference; lastKnownFileType = image.png; path = short_spinner_bg.png; sourceTree = "<group>"; };
		B4C8AAF31C8D25D800DBC035 /* signal_empty.png */ = {isa = PBXFileReference; lastKnownFileType = image.png; path = signal_empty.png; sourceTree = "<group>"; };
		B4C8AAF41C8D25D800DBC035 /* signalalarm_empty.png */ = {isa = PBXFileReference; lastKnownFileType = image.png; path = signalalarm_empty.png; sourceTree = "<group>"; };
		B4C8AAF51C8D25D800DBC035 /* spinner_bg_old.png */ = {isa = PBXFileReference; lastKnownFileType = image.png; path = spinner_bg_old.png; sourceTree = "<group>"; };
		B4C8AAF61C8D25D800DBC035 /* spinner_bg.png */ = {isa = PBXFileReference; lastKnownFileType = image.png; path = spinner_bg.png; sourceTree = "<group>"; };
		B4C8AAF71C8D25D800DBC035 /* station_empty.png */ = {isa = PBXFileReference; lastKnownFileType = image.png; path = station_empty.png; sourceTree = "<group>"; };
		B4C8AAF81C8D25D800DBC035 /* subgridviewbg_down_old.png */ = {isa = PBXFileReference; lastKnownFileType = image.png; path = subgridviewbg_down_old.png; sourceTree = "<group>"; };
		B4C8AAF91C8D25D800DBC035 /* subgridviewbg_down.png */ = {isa = PBXFileReference; lastKnownFileType = image.png; path = subgridviewbg_down.png; sourceTree = "<group>"; };
		B4C8AAFA1C8D25D800DBC035 /* subgridviewbg_normal_old.png */ = {isa = PBXFileReference; lastKnownFileType = image.png; path = subgridviewbg_normal_old.png; sourceTree = "<group>"; };
		B4C8AAFB1C8D25D800DBC035 /* subgridviewbg_normal.png */ = {isa = PBXFileReference; lastKnownFileType = image.png; path = subgridviewbg_normal.png; sourceTree = "<group>"; };
		B4C8AAFC1C8D25D800DBC035 /* subgridviewbg_selected_old.png */ = {isa = PBXFileReference; lastKnownFileType = image.png; path = subgridviewbg_selected_old.png; sourceTree = "<group>"; };
		B4C8AAFD1C8D25D800DBC035 /* subgridviewbg_selected.png */ = {isa = PBXFileReference; lastKnownFileType = image.png; path = subgridviewbg_selected.png; sourceTree = "<group>"; };
		B4C8AAFF1C8D25D800DBC035 /* tablerowbutton_down.png */ = {isa = PBXFileReference; lastKnownFileType = image.png; path = tablerowbutton_down.png; sourceTree = "<group>"; };
		B4C8AB001C8D25D800DBC035 /* tablerowbutton_noarrow.png */ = {isa = PBXFileReference; lastKnownFileType = image.png; path = tablerowbutton_noarrow.png; sourceTree = "<group>"; };
		B4C8AB011C8D25D800DBC035 /* tablerowbutton_normal.png */ = {isa = PBXFileReference; lastKnownFileType = image.png; path = tablerowbutton_normal.png; sourceTree = "<group>"; };
		B4C8AB031C8D25D800DBC035 /* titletextbutton.png */ = {isa = PBXFileReference; lastKnownFileType = image.png; path = titletextbutton.png; sourceTree = "<group>"; };
		B4C8AB041C8D25D800DBC035 /* totalbg_s.jpg */ = {isa = PBXFileReference; lastKnownFileType = image.jpeg; path = totalbg_s.jpg; sourceTree = "<group>"; };
		B4C8AB051C8D25D800DBC035 /* totalbg.jpg */ = {isa = PBXFileReference; lastKnownFileType = image.jpeg; path = totalbg.jpg; sourceTree = "<group>"; };
		B4C8AB5D1C8D2A2900DBC035 /* LoginViewController.h */ = {isa = PBXFileReference; fileEncoding = 4; lastKnownFileType = sourcecode.c.h; path = LoginViewController.h; sourceTree = "<group>"; };
		B4C8AB5E1C8D2A2900DBC035 /* LoginViewController.m */ = {isa = PBXFileReference; fileEncoding = 4; lastKnownFileType = sourcecode.c.objc; path = LoginViewController.m; sourceTree = "<group>"; };
		B4C8AB611C8D646700DBC035 /* Common.h */ = {isa = PBXFileReference; lastKnownFileType = sourcecode.c.h; path = Common.h; sourceTree = "<group>"; };
		B4C8AB621C8D7D7200DBC035 /* Common.m */ = {isa = PBXFileReference; fileEncoding = 4; lastKnownFileType = sourcecode.c.objc; path = Common.m; sourceTree = "<group>"; };
		B4CB42CC1C9959B100E92E69 /* CamereViewController.h */ = {isa = PBXFileReference; fileEncoding = 4; lastKnownFileType = sourcecode.c.h; path = CamereViewController.h; sourceTree = "<group>"; };
		B4CB42CD1C9959B100E92E69 /* CamereViewController.m */ = {isa = PBXFileReference; fileEncoding = 4; lastKnownFileType = sourcecode.c.objc; path = CamereViewController.m; sourceTree = "<group>"; };
/* End PBXFileReference section */

/* Begin PBXFrameworksBuildPhase section */
		B4C8AA8E1C8D22E700DBC035 /* Frameworks */ = {
			isa = PBXFrameworksBuildPhase;
			buildActionMask = 2147483647;
			files = (
				7BFBC5001C96E785007B9E2F /* libHttpClass.a in Frameworks */,
				B445BCCD1C8EA57700EF4907 /* Common.framework in Frameworks */,
			);
			runOnlyForDeploymentPostprocessing = 0;
		};
/* End PBXFrameworksBuildPhase section */

/* Begin PBXGroup section */
		7B1514701C8DB99E0065115C /* Resources */ = {
			isa = PBXGroup;
			children = (
				B4C8AA9D1C8D22E700DBC035 /* Main.storyboard */,
				B4C8AAA01C8D22E700DBC035 /* Assets.xcassets */,
				B4C8AAA21C8D22E700DBC035 /* LaunchScreen.storyboard */,
			);
			name = Resources;
			sourceTree = "<group>";
		};
		7B47E9591C90661400CCB3A8 /* loading */ = {
			isa = PBXGroup;
			children = (
				7B47E95A1C90661D00CCB3A8 /* progress_1.png */,
				7B47E95B1C90661D00CCB3A8 /* progress_2.png */,
				7B47E95C1C90661D00CCB3A8 /* progress_3.png */,
				7B47E95D1C90661D00CCB3A8 /* progress_4.png */,
				7B47E95E1C90661D00CCB3A8 /* progress_5.png */,
				7B47E95F1C90661D00CCB3A8 /* progress_6.png */,
				7B47E9601C90661D00CCB3A8 /* progress_7.png */,
				7B47E9611C90661D00CCB3A8 /* progress_8.png */,
			);
			name = loading;
			sourceTree = "<group>";
		};
		7B8216851C8EEC1B00D371B9 /* WebService */ = {
			isa = PBXGroup;
			children = (
				7B8216861C8EEC2E00D371B9 /* HttpClass.h */,
				7B8216881C8EEC2E00D371B9 /* info.h */,
			);
			name = WebService;
			sourceTree = "<group>";
		};
		B447CF461C900408004C7FCD /* xibClass */ = {
			isa = PBXGroup;
			children = (
				B447CF471C900465004C7FCD /* ServerConfigView.h */,
				B447CF481C900465004C7FCD /* ServerConfigView.m */,
				7BD58E8A1C93CE7D001360AE /* GridCell.h */,
				7BD58E8B1C93CE7D001360AE /* GridCell.m */,
				B4B91BA81C9697B300172D76 /* alertlisthome.h */,
				B4B91BA91C9697B300172D76 /* alertlisthome.m */,
				7BFBC4FC1C96DEF7007B9E2F /* moreCell.h */,
				7BFBC4FD1C96DEF7007B9E2F /* moreCell.m */,
			);
			name = xibClass;
			sourceTree = "<group>";
		};
		B4C8AA881C8D22E700DBC035 = {
			isa = PBXGroup;
			children = (
				B4C8AA931C8D22E700DBC035 /* DataCenterMonitor */,
				B4C8AA921C8D22E700DBC035 /* Products */,
			);
			sourceTree = "<group>";
		};
		B4C8AA921C8D22E700DBC035 /* Products */ = {
			isa = PBXGroup;
			children = (
				B4C8AA911C8D22E700DBC035 /* DataCenterMonitor.app */,
			);
			name = Products;
			sourceTree = "<group>";
		};
		B4C8AA931C8D22E700DBC035 /* DataCenterMonitor */ = {
			isa = PBXGroup;
			children = (
				7B8216851C8EEC1B00D371B9 /* WebService */,
				7B1514701C8DB99E0065115C /* Resources */,
				B4C8AAAE1C8D248100DBC035 /* FrameWork */,
				B4C8AAAD1C8D246A00DBC035 /* PNG */,
				B4C8AAAC1C8D246500DBC035 /* XIB */,
				B4C8AAAB1C8D244900DBC035 /* View */,
				B4C8AA971C8D22E700DBC035 /* AppDelegate.h */,
				B4C8AA981C8D22E700DBC035 /* AppDelegate.m */,
				B4C8AAA51C8D22E700DBC035 /* Info.plist */,
				B4C8AA941C8D22E700DBC035 /* Supporting Files */,
			);
			path = DataCenterMonitor;
			sourceTree = "<group>";
		};
		B4C8AA941C8D22E700DBC035 /* Supporting Files */ = {
			isa = PBXGroup;
			children = (
				B4C8AA951C8D22E700DBC035 /* main.m */,
			);
			name = "Supporting Files";
			sourceTree = "<group>";
		};
		B4C8AAAB1C8D244900DBC035 /* View */ = {
			isa = PBXGroup;
			children = (
				B447CF461C900408004C7FCD /* xibClass */,
				B4C8AB601C8D645600DBC035 /* Common */,
				B4C8AB5D1C8D2A2900DBC035 /* LoginViewController.h */,
				B4C8AB5E1C8D2A2900DBC035 /* LoginViewController.m */,
				7B82168B1C8F15E400D371B9 /* MainViewController.h */,
				7B82168C1C8F15E400D371B9 /* MainViewController.m */,
				7BEC40051C98380500D0CDE2 /* MoreViewController.h */,
				7BEC40061C98380500D0CDE2 /* MoreViewController.m */,
				B4CB42CC1C9959B100E92E69 /* CamereViewController.h */,
				B4CB42CD1C9959B100E92E69 /* CamereViewController.m */,
				7BBB66271C9999AF0095FB4A /* AlertAndSingalViewController.h */,
				7BBB66281C9999AF0095FB4A /* AlertAndSingalViewController.m */,
			);
			name = View;
			sourceTree = "<group>";
		};
		B4C8AAAC1C8D246500DBC035 /* XIB */ = {
			isa = PBXGroup;
			children = (
				B447CF441C8FFE0C004C7FCD /* serverconfigview.xib */,
				7BD58E881C93CD90001360AE /* girdcell.xib */,
				B4B91BA61C9671C700172D76 /* alertlistathome.xib */,
				B4B91BAB1C96BE5A00172D76 /* moreCell.xib */,
			);
			name = XIB;
			sourceTree = "<group>";
		};
		B4C8AAAD1C8D246A00DBC035 /* PNG */ = {
			isa = PBXGroup;
			children = (
				7B47E9591C90661400CCB3A8 /* loading */,
				B4C8AAAF1C8D25D800DBC035 /* bottom_alarmlist.png */,
				B4C8AAB01C8D25D800DBC035 /* bottom_back.png */,
				B4C8AAB11C8D25D800DBC035 /* bottom_homepage.png */,
				B4C8AAB21C8D25D800DBC035 /* bottom_other.png */,
				B4C8AAB31C8D25D800DBC035 /* bottom_signallist.png */,
				B4C8AAB41C8D25D800DBC035 /* buttonleft_disable.png */,
				B4C8AAB51C8D25D800DBC035 /* buttonleft_down.png */,
				B4C8AAB61C8D25D800DBC035 /* buttonleft_normal.png */,
				B4C8AAB81C8D25D800DBC035 /* buttonright_disable.png */,
				B4C8AAB91C8D25D800DBC035 /* buttonright_down.png */,
				B4C8AABA1C8D25D800DBC035 /* buttonright_normal.png */,
				B4C8AABC1C8D25D800DBC035 /* checkbox_button_normal.png */,
				B4C8AABD1C8D25D800DBC035 /* checkbox_button_selected.png */,
				B4C8AABF1C8D25D800DBC035 /* closeflag.png */,
				B4C8AAC01C8D25D800DBC035 /* equipmenttype_empty.png */,
				B4C8AAC11C8D25D800DBC035 /* ex_titlebackbutton_down.png */,
				B4C8AAC21C8D25D800DBC035 /* ex_titlebackbutton_normal.png */,
				B4C8AAC41C8D25D800DBC035 /* ex_titlebg.png */,
				B4C8AAC51C8D25D800DBC035 /* ex_titleexitbutton_down.png */,
				B4C8AAC61C8D25D800DBC035 /* ex_titleexitbutton_normal.png */,
				B4C8AAC81C8D25D800DBC035 /* ex_titlemenubutton_down.png */,
				B4C8AAC91C8D25D800DBC035 /* ex_titlemenubutton_normal.png */,
				B4C8AACB1C8D25D800DBC035 /* homepagegridviewbg_down_old.png */,
				B4C8AACC1C8D25D800DBC035 /* homepagegridviewbg_down.png */,
				B4C8AACD1C8D25D800DBC035 /* homepagegridviewbg_normal_old.png */,
				B4C8AACE1C8D25D800DBC035 /* homepagegridviewbg_normal.png */,
				B4C8AAD01C8D25D800DBC035 /* ic_launcher.png */,
				B4C8AAD11C8D25D800DBC035 /* listviewbg_down.png */,
				B4C8AAD21C8D25D800DBC035 /* listviewbg_normal.png */,
				B4C8AAD41C8D25D800DBC035 /* login_image.png */,
				B4C8AAD51C8D25D800DBC035 /* login_spinner_bg.png */,
				B4C8AAD61C8D25D800DBC035 /* logintable_bg.png */,
				B4C8AAD71C8D25D800DBC035 /* logintable_logo_password.png */,
				B4C8AAD81C8D25D800DBC035 /* logintable_logo_username.png */,
				B4C8AAD91C8D25D800DBC035 /* longlongnormalbutton_disable.png */,
				B4C8AADA1C8D25D800DBC035 /* longlongnormalbutton_down.png */,
				B4C8AADB1C8D25D800DBC035 /* longlongnormalbutton_normal.png */,
				B4C8AADD1C8D25D800DBC035 /* longnormalbutton_disable.png */,
				B4C8AADE1C8D25D800DBC035 /* longnormalbutton_down.png */,
				B4C8AADF1C8D25D800DBC035 /* longnormalbutton_normal.png */,
				B4C8AAE11C8D25D800DBC035 /* newfailed.png */,
				B4C8AAE21C8D25D800DBC035 /* newloading.png */,
				B4C8AAE31C8D25D800DBC035 /* normalbutton_disable.png */,
				B4C8AAE41C8D25D800DBC035 /* normalbutton_down.png */,
				B4C8AAE51C8D25D800DBC035 /* normalbutton_normal.png */,
				B4C8AAE71C8D25D800DBC035 /* notifyicon_newalarm.png */,
				B4C8AAE81C8D25D800DBC035 /* openflag.png */,
				B4C8AAE91C8D25D800DBC035 /* radiobutton_focussize_large_checked.png */,
				B4C8AAEA1C8D25D800DBC035 /* radiobutton_focussize_large_normal.png */,
				B4C8AAEC1C8D25D800DBC035 /* radiobutton_focussize_small_checked.png */,
				B4C8AAED1C8D25D800DBC035 /* radiobutton_focussize_small_normal.png */,
				B4C8AAEF1C8D25D800DBC035 /* search_spinner_bg_old.png */,
				B4C8AAF01C8D25D800DBC035 /* search_spinner_bg.png */,
				B4C8AAF11C8D25D800DBC035 /* short_spinner_bg_old.png */,
				B4C8AAF21C8D25D800DBC035 /* short_spinner_bg.png */,
				B4C8AAF31C8D25D800DBC035 /* signal_empty.png */,
				B4C8AAF41C8D25D800DBC035 /* signalalarm_empty.png */,
				B4C8AAF51C8D25D800DBC035 /* spinner_bg_old.png */,
				B4C8AAF61C8D25D800DBC035 /* spinner_bg.png */,
				B4C8AAF71C8D25D800DBC035 /* station_empty.png */,
				B4C8AAF81C8D25D800DBC035 /* subgridviewbg_down_old.png */,
				B4C8AAF91C8D25D800DBC035 /* subgridviewbg_down.png */,
				B4C8AAFA1C8D25D800DBC035 /* subgridviewbg_normal_old.png */,
				B4C8AAFB1C8D25D800DBC035 /* subgridviewbg_normal.png */,
				B4C8AAFC1C8D25D800DBC035 /* subgridviewbg_selected_old.png */,
				B4C8AAFD1C8D25D800DBC035 /* subgridviewbg_selected.png */,
				B4C8AAFF1C8D25D800DBC035 /* tablerowbutton_down.png */,
				B4C8AB001C8D25D800DBC035 /* tablerowbutton_noarrow.png */,
				B4C8AB011C8D25D800DBC035 /* tablerowbutton_normal.png */,
				B4C8AB031C8D25D800DBC035 /* titletextbutton.png */,
				B4C8AB041C8D25D800DBC035 /* totalbg_s.jpg */,
				B4C8AB051C8D25D800DBC035 /* totalbg.jpg */,
			);
			name = PNG;
			sourceTree = "<group>";
		};
		B4C8AAAE1C8D248100DBC035 /* FrameWork */ = {
			isa = PBXGroup;
			children = (
				7BFBC4FF1C96E785007B9E2F /* libHttpClass.a */,
				B445BCCC1C8EA57700EF4907 /* Common.framework */,
			);
			name = FrameWork;
			sourceTree = "<group>";
		};
		B4C8AB601C8D645600DBC035 /* Common */ = {
			isa = PBXGroup;
			children = (
				B4C8AB611C8D646700DBC035 /* Common.h */,
				B4C8AB621C8D7D7200DBC035 /* Common.m */,
			);
			name = Common;
			sourceTree = "<group>";
		};
/* End PBXGroup section */

/* Begin PBXNativeTarget section */
		B4C8AA901C8D22E700DBC035 /* DataCenterMonitor */ = {
			isa = PBXNativeTarget;
			buildConfigurationList = B4C8AAA81C8D22E700DBC035 /* Build configuration list for PBXNativeTarget "DataCenterMonitor" */;
			buildPhases = (
				B4C8AA8D1C8D22E700DBC035 /* Sources */,
				B4C8AA8E1C8D22E700DBC035 /* Frameworks */,
				B4C8AA8F1C8D22E700DBC035 /* Resources */,
				B445BCCE1C8EA7A700EF4907 /* CopyFiles */,
			);
			buildRules = (
			);
			dependencies = (
			);
			name = DataCenterMonitor;
			productName = DataCenterMonitor;
			productReference = B4C8AA911C8D22E700DBC035 /* DataCenterMonitor.app */;
			productType = "com.apple.product-type.application";
		};
/* End PBXNativeTarget section */

/* Begin PBXProject section */
		B4C8AA891C8D22E700DBC035 /* Project object */ = {
			isa = PBXProject;
			attributes = {
				LastUpgradeCheck = 0720;
				ORGANIZATIONNAME = pxzdh;
				TargetAttributes = {
					B4C8AA901C8D22E700DBC035 = {
						CreatedOnToolsVersion = 7.2.1;
					};
				};
			};
			buildConfigurationList = B4C8AA8C1C8D22E700DBC035 /* Build configuration list for PBXProject "DataCenterMonitor" */;
			compatibilityVersion = "Xcode 3.2";
			developmentRegion = English;
			hasScannedForEncodings = 0;
			knownRegions = (
				en,
				Base,
			);
			mainGroup = B4C8AA881C8D22E700DBC035;
			productRefGroup = B4C8AA921C8D22E700DBC035 /* Products */;
			projectDirPath = "";
			projectRoot = "";
			targets = (
				B4C8AA901C8D22E700DBC035 /* DataCenterMonitor */,
			);
		};
/* End PBXProject section */

/* Begin PBXResourcesBuildPhase section */
		B4C8AA8F1C8D22E700DBC035 /* Resources */ = {
			isa = PBXResourcesBuildPhase;
			buildActionMask = 2147483647;
			files = (
				B4C8AB0F1C8D25D800DBC035 /* buttonright_disable.png in Resources */,
				B4C8AB061C8D25D800DBC035 /* bottom_alarmlist.png in Resources */,
				B4C8AB501C8D25D900DBC035 /* subgridviewbg_down.png in Resources */,
				B4C8AB471C8D25D900DBC035 /* search_spinner_bg.png in Resources */,
				B4C8AB581C8D25D900DBC035 /* tablerowbutton_normal.png in Resources */,
				B4C8AB511C8D25D900DBC035 /* subgridviewbg_normal_old.png in Resources */,
				B4C8AB101C8D25D800DBC035 /* buttonright_down.png in Resources */,
				B4C8AB281C8D25D800DBC035 /* listviewbg_down.png in Resources */,
				B4C8AB521C8D25D900DBC035 /* subgridviewbg_normal.png in Resources */,
				B4C8AAA41C8D22E700DBC035 /* LaunchScreen.storyboard in Resources */,
				B4C8AB081C8D25D800DBC035 /* bottom_homepage.png in Resources */,
				B4C8AB4F1C8D25D900DBC035 /* subgridviewbg_down_old.png in Resources */,
				7B47E9661C90661D00CCB3A8 /* progress_5.png in Resources */,
				B4C8AB191C8D25D800DBC035 /* ex_titlebackbutton_normal.png in Resources */,
				B4C8AB1B1C8D25D800DBC035 /* ex_titlebg.png in Resources */,
				B4C8AB1F1C8D25D800DBC035 /* ex_titlemenubutton_down.png in Resources */,
				7B47E9631C90661D00CCB3A8 /* progress_2.png in Resources */,
				B4C8AB141C8D25D800DBC035 /* checkbox_button_selected.png in Resources */,
				B4C8AB491C8D25D900DBC035 /* short_spinner_bg.png in Resources */,
				B4C8AB091C8D25D800DBC035 /* bottom_other.png in Resources */,
				B4C8AB351C8D25D900DBC035 /* longnormalbutton_down.png in Resources */,
				B4C8AB4E1C8D25D900DBC035 /* station_empty.png in Resources */,
				B4C8AB3E1C8D25D900DBC035 /* notifyicon_newalarm.png in Resources */,
				B4C8AB111C8D25D800DBC035 /* buttonright_normal.png in Resources */,
				B4C8AB2E1C8D25D900DBC035 /* logintable_logo_password.png in Resources */,
				B4C8AB321C8D25D900DBC035 /* longlongnormalbutton_normal.png in Resources */,
				B4C8AB171C8D25D800DBC035 /* equipmenttype_empty.png in Resources */,
				B4C8AB3F1C8D25D900DBC035 /* openflag.png in Resources */,
				B4C8AB0D1C8D25D800DBC035 /* buttonleft_normal.png in Resources */,
				B4C8AB381C8D25D900DBC035 /* newfailed.png in Resources */,
				B4C8AB2D1C8D25D800DBC035 /* logintable_bg.png in Resources */,
				B4C8AB341C8D25D900DBC035 /* longnormalbutton_disable.png in Resources */,
				B4B91BA71C9671C700172D76 /* alertlistathome.xib in Resources */,
				B4C8AB3B1C8D25D900DBC035 /* normalbutton_down.png in Resources */,
				7B47E9691C90661D00CCB3A8 /* progress_8.png in Resources */,
				7B47E9641C90661D00CCB3A8 /* progress_3.png in Resources */,
				B4C8AB161C8D25D800DBC035 /* closeflag.png in Resources */,
				B4C8AB411C8D25D900DBC035 /* radiobutton_focussize_large_normal.png in Resources */,
				B4C8AB2B1C8D25D800DBC035 /* login_image.png in Resources */,
				B4C8AB1D1C8D25D800DBC035 /* ex_titleexitbutton_normal.png in Resources */,
				B4C8AB1C1C8D25D800DBC035 /* ex_titleexitbutton_down.png in Resources */,
				B4C8AB4D1C8D25D900DBC035 /* spinner_bg.png in Resources */,
				B4C8AB0C1C8D25D800DBC035 /* buttonleft_down.png in Resources */,
				B4C8AB461C8D25D900DBC035 /* search_spinner_bg_old.png in Resources */,
				7B47E9651C90661D00CCB3A8 /* progress_4.png in Resources */,
				B4C8AB251C8D25D800DBC035 /* homepagegridviewbg_normal.png in Resources */,
				B4C8AB561C8D25D900DBC035 /* tablerowbutton_down.png in Resources */,
				B4C8AB481C8D25D900DBC035 /* short_spinner_bg_old.png in Resources */,
				B4C8AB221C8D25D800DBC035 /* homepagegridviewbg_down_old.png in Resources */,
				B4C8AB131C8D25D800DBC035 /* checkbox_button_normal.png in Resources */,
				B4C8AB0B1C8D25D800DBC035 /* buttonleft_disable.png in Resources */,
				B4C8AB5A1C8D25D900DBC035 /* titletextbutton.png in Resources */,
				B4C8AB311C8D25D900DBC035 /* longlongnormalbutton_down.png in Resources */,
				B4C8AB4C1C8D25D900DBC035 /* spinner_bg_old.png in Resources */,
				B4C8AAA11C8D22E700DBC035 /* Assets.xcassets in Resources */,
				B4C8AB361C8D25D900DBC035 /* longnormalbutton_normal.png in Resources */,
				B4C8AB271C8D25D800DBC035 /* ic_launcher.png in Resources */,
				B4C8AB3A1C8D25D900DBC035 /* normalbutton_disable.png in Resources */,
				B4C8AB3C1C8D25D900DBC035 /* normalbutton_normal.png in Resources */,
				B4C8AB571C8D25D900DBC035 /* tablerowbutton_noarrow.png in Resources */,
				B4C8AB4A1C8D25D900DBC035 /* signal_empty.png in Resources */,
				B4C8AB2F1C8D25D900DBC035 /* logintable_logo_username.png in Resources */,
				B4C8AB401C8D25D900DBC035 /* radiobutton_focussize_large_checked.png in Resources */,
				B4C8AB441C8D25D900DBC035 /* radiobutton_focussize_small_normal.png in Resources */,
				B4C8AB181C8D25D800DBC035 /* ex_titlebackbutton_down.png in Resources */,
				B4C8AB5B1C8D25D900DBC035 /* totalbg_s.jpg in Resources */,
				B4C8AB5C1C8D25D900DBC035 /* totalbg.jpg in Resources */,
				7B47E9621C90661D00CCB3A8 /* progress_1.png in Resources */,
				B4C8AB431C8D25D900DBC035 /* radiobutton_focussize_small_checked.png in Resources */,
				B4C8AB241C8D25D800DBC035 /* homepagegridviewbg_normal_old.png in Resources */,
				B4C8AB071C8D25D800DBC035 /* bottom_back.png in Resources */,
				B4C8AB541C8D25D900DBC035 /* subgridviewbg_selected.png in Resources */,
				B4C8AB391C8D25D900DBC035 /* newloading.png in Resources */,
				7B47E9681C90661D00CCB3A8 /* progress_7.png in Resources */,
				B4C8AB2C1C8D25D800DBC035 /* login_spinner_bg.png in Resources */,
				B4C8AB0A1C8D25D800DBC035 /* bottom_signallist.png in Resources */,
				B4C8AA9F1C8D22E700DBC035 /* Main.storyboard in Resources */,
				B447CF451C8FFE0C004C7FCD /* serverconfigview.xib in Resources */,
				7B47E9671C90661D00CCB3A8 /* progress_6.png in Resources */,
				B4C8AB531C8D25D900DBC035 /* subgridviewbg_selected_old.png in Resources */,
				B4C8AB291C8D25D800DBC035 /* listviewbg_normal.png in Resources */,
				7BD58E891C93CD90001360AE /* girdcell.xib in Resources */,
				B4C8AB201C8D25D800DBC035 /* ex_titlemenubutton_normal.png in Resources */,
				B4C8AB301C8D25D900DBC035 /* longlongnormalbutton_disable.png in Resources */,
				B4C8AB231C8D25D800DBC035 /* homepagegridviewbg_down.png in Resources */,
				B4C8AB4B1C8D25D900DBC035 /* signalalarm_empty.png in Resources */,
				B4B91BAC1C96BE5A00172D76 /* moreCell.xib in Resources */,
			);
			runOnlyForDeploymentPostprocessing = 0;
		};
/* End PBXResourcesBuildPhase section */

/* Begin PBXSourcesBuildPhase section */
		B4C8AA8D1C8D22E700DBC035 /* Sources */ = {
			isa = PBXSourcesBuildPhase;
			buildActionMask = 2147483647;
			files = (
				B4CB42CE1C9959B100E92E69 /* CamereViewController.m in Sources */,
				B4C8AB631C8D7D7200DBC035 /* Common.m in Sources */,
				7B82168D1C8F15E400D371B9 /* MainViewController.m in Sources */,
				B4B91BAA1C9697B300172D76 /* alertlisthome.m in Sources */,
				7BD58E8C1C93CE7D001360AE /* GridCell.m in Sources */,
				B4C8AA991C8D22E700DBC035 /* AppDelegate.m in Sources */,
				7BFBC4FE1C96DEF7007B9E2F /* moreCell.m in Sources */,
				B447CF491C900465004C7FCD /* ServerConfigView.m in Sources */,
				B4C8AA961C8D22E700DBC035 /* main.m in Sources */,
				7BBB66291C9999AF0095FB4A /* AlertAndSingalViewController.m in Sources */,
				B4C8AB5F1C8D2A2900DBC035 /* LoginViewController.m in Sources */,
				7BEC40071C98380500D0CDE2 /* MoreViewController.m in Sources */,
			);
			runOnlyForDeploymentPostprocessing = 0;
		};
/* End PBXSourcesBuildPhase section */

/* Begin PBXVariantGroup section */
		B4C8AA9D1C8D22E700DBC035 /* Main.storyboard */ = {
			isa = PBXVariantGroup;
			children = (
				B4C8AA9E1C8D22E700DBC035 /* Base */,
			);
			name = Main.storyboard;
			sourceTree = "<group>";
		};
		B4C8AAA21C8D22E700DBC035 /* LaunchScreen.storyboard */ = {
			isa = PBXVariantGroup;
			children = (
				B4C8AAA31C8D22E700DBC035 /* Base */,
			);
			name = LaunchScreen.storyboard;
			sourceTree = "<group>";
		};
/* End PBXVariantGroup section */

/* Begin XCBuildConfiguration section */
		B4C8AAA61C8D22E700DBC035 /* Debug */ = {
			isa = XCBuildConfiguration;
			buildSettings = {
				ALWAYS_SEARCH_USER_PATHS = NO;
				CLANG_CXX_LANGUAGE_STANDARD = "gnu++0x";
				CLANG_CXX_LIBRARY = "libc++";
				CLANG_ENABLE_MODULES = YES;
				CLANG_ENABLE_OBJC_ARC = YES;
				CLANG_WARN_BOOL_CONVERSION = YES;
				CLANG_WARN_CONSTANT_CONVERSION = YES;
				CLANG_WARN_DIRECT_OBJC_ISA_USAGE = YES_ERROR;
				CLANG_WARN_EMPTY_BODY = YES;
				CLANG_WARN_ENUM_CONVERSION = YES;
				CLANG_WARN_INT_CONVERSION = YES;
				CLANG_WARN_OBJC_ROOT_CLASS = YES_ERROR;
				CLANG_WARN_UNREACHABLE_CODE = YES;
				CLANG_WARN__DUPLICATE_METHOD_MATCH = YES;
				"CODE_SIGN_IDENTITY[sdk=iphoneos*]" = "iPhone Developer";
				COPY_PHASE_STRIP = NO;
				DEBUG_INFORMATION_FORMAT = dwarf;
				ENABLE_STRICT_OBJC_MSGSEND = YES;
				ENABLE_TESTABILITY = YES;
				GCC_C_LANGUAGE_STANDARD = gnu99;
				GCC_DYNAMIC_NO_PIC = NO;
				GCC_NO_COMMON_BLOCKS = YES;
				GCC_OPTIMIZATION_LEVEL = 0;
				GCC_PREPROCESSOR_DEFINITIONS = (
					"DEBUG=1",
					"$(inherited)",
				);
				GCC_WARN_64_TO_32_BIT_CONVERSION = YES;
				GCC_WARN_ABOUT_RETURN_TYPE = YES_ERROR;
				GCC_WARN_UNDECLARED_SELECTOR = YES;
				GCC_WARN_UNINITIALIZED_AUTOS = YES_AGGRESSIVE;
				GCC_WARN_UNUSED_FUNCTION = YES;
				GCC_WARN_UNUSED_VARIABLE = YES;
				IPHONEOS_DEPLOYMENT_TARGET = 9.2;
				MTL_ENABLE_DEBUG_INFO = YES;
				ONLY_ACTIVE_ARCH = YES;
				SDKROOT = iphoneos;
				TARGETED_DEVICE_FAMILY = "1,2";
			};
			name = Debug;
		};
		B4C8AAA71C8D22E700DBC035 /* Release */ = {
			isa = XCBuildConfiguration;
			buildSettings = {
				ALWAYS_SEARCH_USER_PATHS = NO;
				CLANG_CXX_LANGUAGE_STANDARD = "gnu++0x";
				CLANG_CXX_LIBRARY = "libc++";
				CLANG_ENABLE_MODULES = YES;
				CLANG_ENABLE_OBJC_ARC = YES;
				CLANG_WARN_BOOL_CONVERSION = YES;
				CLANG_WARN_CONSTANT_CONVERSION = YES;
				CLANG_WARN_DIRECT_OBJC_ISA_USAGE = YES_ERROR;
				CLANG_WARN_EMPTY_BODY = YES;
				CLANG_WARN_ENUM_CONVERSION = YES;
				CLANG_WARN_INT_CONVERSION = YES;
				CLANG_WARN_OBJC_ROOT_CLASS = YES_ERROR;
				CLANG_WARN_UNREACHABLE_CODE = YES;
				CLANG_WARN__DUPLICATE_METHOD_MATCH = YES;
				"CODE_SIGN_IDENTITY[sdk=iphoneos*]" = "iPhone Developer";
				COPY_PHASE_STRIP = NO;
				DEBUG_INFORMATION_FORMAT = "dwarf-with-dsym";
				ENABLE_NS_ASSERTIONS = NO;
				ENABLE_STRICT_OBJC_MSGSEND = YES;
				GCC_C_LANGUAGE_STANDARD = gnu99;
				GCC_NO_COMMON_BLOCKS = YES;
				GCC_WARN_64_TO_32_BIT_CONVERSION = YES;
				GCC_WARN_ABOUT_RETURN_TYPE = YES_ERROR;
				GCC_WARN_UNDECLARED_SELECTOR = YES;
				GCC_WARN_UNINITIALIZED_AUTOS = YES_AGGRESSIVE;
				GCC_WARN_UNUSED_FUNCTION = YES;
				GCC_WARN_UNUSED_VARIABLE = YES;
				IPHONEOS_DEPLOYMENT_TARGET = 9.2;
				MTL_ENABLE_DEBUG_INFO = NO;
				SDKROOT = iphoneos;
				TARGETED_DEVICE_FAMILY = "1,2";
				VALIDATE_PRODUCT = YES;
			};
			name = Release;
		};
		B4C8AAA91C8D22E700DBC035 /* Debug */ = {
			isa = XCBuildConfiguration;
			buildSettings = {
				ASSETCATALOG_COMPILER_APPICON_NAME = AppIcon;
				FRAMEWORK_SEARCH_PATHS = (
					"$(inherited)",
					"$(PROJECT_DIR)/DataCenterMonitor/framework",
				);
				INFOPLIST_FILE = DataCenterMonitor/Info.plist;
				IPHONEOS_DEPLOYMENT_TARGET = 8.2;
				LD_RUNPATH_SEARCH_PATHS = "$(inherited) @executable_path/Frameworks";
				LIBRARY_SEARCH_PATHS = (
					"$(inherited)",
					"$(PROJECT_DIR)/DataCenterMonitor/framework",
				);
				PRODUCT_BUNDLE_IDENTIFIER = com.pxzdh.DataCenterMonitor;
				PRODUCT_NAME = "$(TARGET_NAME)";
				TARGETED_DEVICE_FAMILY = 1;
			};
			name = Debug;
		};
		B4C8AAAA1C8D22E700DBC035 /* Release */ = {
			isa = XCBuildConfiguration;
			buildSettings = {
				ASSETCATALOG_COMPILER_APPICON_NAME = AppIcon;
				FRAMEWORK_SEARCH_PATHS = (
					"$(inherited)",
					"$(PROJECT_DIR)/DataCenterMonitor/framework",
				);
				INFOPLIST_FILE = DataCenterMonitor/Info.plist;
				IPHONEOS_DEPLOYMENT_TARGET = 8.2;
				LD_RUNPATH_SEARCH_PATHS = "$(inherited) @executable_path/Frameworks";
				LIBRARY_SEARCH_PATHS = (
					"$(inherited)",
					"$(PROJECT_DIR)/DataCenterMonitor/framework",
				);
				PRODUCT_BUNDLE_IDENTIFIER = com.pxzdh.DataCenterMonitor;
				PRODUCT_NAME = "$(TARGET_NAME)";
				TARGETED_DEVICE_FAMILY = 1;
			};
			name = Release;
		};
/* End XCBuildConfiguration section */

/* Begin XCConfigurationList section */
		B4C8AA8C1C8D22E700DBC035 /* Build configuration list for PBXProject "DataCenterMonitor" */ = {
			isa = XCConfigurationList;
			buildConfigurations = (
				B4C8AAA61C8D22E700DBC035 /* Debug */,
				B4C8AAA71C8D22E700DBC035 /* Release */,
			);
			defaultConfigurationIsVisible = 0;
			defaultConfigurationName = Release;
		};
		B4C8AAA81C8D22E700DBC035 /* Build configuration list for PBXNativeTarget "DataCenterMonitor" */ = {
			isa = XCConfigurationList;
			buildConfigurations = (
				B4C8AAA91C8D22E700DBC035 /* Debug */,
				B4C8AAAA1C8D22E700DBC035 /* Release */,
			);
			defaultConfigurationIsVisible = 0;
			defaultConfigurationName = Release;
		};
/* End XCConfigurationList section */
	};
	rootObject = B4C8AA891C8D22E700DBC035 /* Project object */;
}
